
Microsoft Visual Studio Solution File, Format Version 12.00
# Visual Studio Version 16
VisualStudioVersion = 16.0.30413.136
MinimumVisualStudioVersion = 10.0.40219.1
Project("{FAE04EC0-301F-11D3-BF4B-00C04F79EFBC}") = "StringAccumulatorLib", "StringAccumulator\StringAccumulatorLib.csproj", "{C2038FC3-FF47-4022-AABD-C37463214988}"
EndProject
Project("{FAE04EC0-301F-11D3-BF4B-00C04F79EFBC}") = "StringAccumulatorTest", "StringAccumulatorTest\StringAccumulatorTest.csproj", "{708F7FC3-2DA2-4F5A-9375-002556889030}"
EndProject
Project("{FAE04EC0-301F-11D3-BF4B-00C04F79EFBC}") = "StringAccumulatorApp", "StringAccumulatorApp\StringAccumulatorApp.csproj", "{CC5FCA68-F9B8-4807-A61D-3A4EA9402390}"
EndProject
Global
	GlobalSection(SolutionConfigurationPlatforms) = preSolution
		Debug|Any CPU = Debug|Any CPU
		Release|Any CPU = Release|Any CPU
	EndGlobalSection
	GlobalSection(ProjectConfigurationPlatforms) = postSolution
		{C2038FC3-FF47-4022-AABD-C37463214988}.Debug|Any CPU.ActiveCfg = Debug|Any CPU
		{C2038FC3-FF47-4022-AABD-C37463214988}.Debug|Any CPU.Build.0 = Debug|Any CPU
		{C2038FC3-FF47-4022-AABD-C37463214988}.Release|Any CPU.ActiveCfg = Release|Any CPU
		{C2038FC3-FF47-4022-AABD-C37463214988}.Release|Any CPU.Build.0 = Release|Any CPU
		{708F7FC3-2DA2-4F5A-9375-002556889030}.Debug|Any CPU.ActiveCfg = Debug|Any CPU
		{708F7FC3-2DA2-4F5A-9375-002556889030}.Debug|Any CPU.Build.0 = Debug|Any CPU
		{708F7FC3-2DA2-4F5A-9375-002556889030}.Release|Any CPU.ActiveCfg = Release|Any CPU
		{708F7FC3-2DA2-4F5A-9375-002556889030}.Release|Any CPU.Build.0 = Release|Any CPU
		{CC5FCA68-F9B8-4807-A61D-3A4EA9402390}.Debug|Any CPU.ActiveCfg = Debug|Any CPU
		{CC5FCA68-F9B8-4807-A61D-3A4EA9402390}.Debug|Any CPU.Build.0 = Debug|Any CPU
		{CC5FCA68-F9B8-4807-A61D-3A4EA9402390}.Release|Any CPU.ActiveCfg = Release|Any CPU
		{CC5FCA68-F9B8-4807-A61D-3A4EA9402390}.Release|Any CPU.Build.0 = Release|Any CPU
	EndGlobalSection
	GlobalSection(SolutionProperties) = preSolution
		HideSolutionNode = FALSE
	EndGlobalSection
	GlobalSection(ExtensibilityGlobals) = postSolution
		SolutionGuid = {0D3CE765-8E4F-48D1-AA49-A841C21FFE41}
	EndGlobalSection
EndGlobal
